
Microsoft Visual Studio Solution File, Format Version 12.00
# Visual Studio 2013
VisualStudioVersion = 12.0.31101.0
MinimumVisualStudioVersion = 10.0.40219.1
Project("{8BC9CEB8-8B4A-11D0-8D11-00A0C91BC942}") = "textquery_again", "textquery_again\textquery_again.vcxproj", "{81E3862E-BEC3-408A-B9A4-39216FF87AE4}"
EndProject
Global
	GlobalSection(SolutionConfigurationPlatforms) = preSolution
		Debug|Win32 = Debug|Win32
		Release|Win32 = Release|Win32
	EndGlobalSection
	GlobalSection(ProjectConfigurationPlatforms) = postSolution
		{81E3862E-BEC3-408A-B9A4-39216FF87AE4}.Debug|Win32.ActiveCfg = Debug|Win32
		{81E3862E-BEC3-408A-B9A4-39216FF87AE4}.Debug|Win32.Build.0 = Debug|Win32
		{81E3862E-BEC3-408A-B9A4-39216FF87AE4}.Release|Win32.ActiveCfg = Release|Win32
		{81E3862E-BEC3-408A-B9A4-39216FF87AE4}.Release|Win32.Build.0 = Release|Win32
	EndGlobalSection
	GlobalSection(SolutionProperties) = preSolution
		HideSolutionNode = FALSE
	EndGlobalSection
EndGlobal
